
Microsoft Visual Studio Solution File, Format Version 12.00
# Visual Studio 15
VisualStudioVersion = 15.0.28307.1267
MinimumVisualStudioVersion = 10.0.40219.1
Project("{FAE04EC0-301F-11D3-BF4B-00C04F79EFBC}") = "ServiceRest_015_Muhammad-Dzalfiqri", "ServiceRest_015_Muhammad-Dzalfiqri\ServiceRest_015_Muhammad-Dzalfiqri.csproj", "{F928FEB0-CA20-49B8-8E1D-AF3843E1076A}"
EndProject
Global
	GlobalSection(SolutionConfigurationPlatforms) = preSolution
		Debug|Any CPU = Debug|Any CPU
		Release|Any CPU = Release|Any CPU
	EndGlobalSection
	GlobalSection(ProjectConfigurationPlatforms) = postSolution
		{F928FEB0-CA20-49B8-8E1D-AF3843E1076A}.Debug|Any CPU.ActiveCfg = Debug|Any CPU
		{F928FEB0-CA20-49B8-8E1D-AF3843E1076A}.Debug|Any CPU.Build.0 = Debug|Any CPU
		{F928FEB0-CA20-49B8-8E1D-AF3843E1076A}.Release|Any CPU.ActiveCfg = Release|Any CPU
		{F928FEB0-CA20-49B8-8E1D-AF3843E1076A}.Release|Any CPU.Build.0 = Release|Any CPU
	EndGlobalSection
	GlobalSection(SolutionProperties) = preSolution
		HideSolutionNode = FALSE
	EndGlobalSection
	GlobalSection(ExtensibilityGlobals) = postSolution
		SolutionGuid = {598A019B-55F9-4072-B772-BA2D1A2747BE}
	EndGlobalSection
EndGlobal
